// !$*UTF8*$!
{
	archiveVersion = 1;
	classes = {
	};
	objectVersion = 56;
	objects = {

/* Begin PBXBuildFile section */
		1F0EA6A12B579E43006A5D52 /* MoviesController.swift in Sources */ = {isa = PBXBuildFile; fileRef = 1F0EA6A02B579E43006A5D52 /* MoviesController.swift */; };
		1F0EA6A32B57B670006A5D52 /* MovieCollectionViewCell.swift in Sources */ = {isa = PBXBuildFile; fileRef = 1F0EA6A22B57B670006A5D52 /* MovieCollectionViewCell.swift */; };
		1FBCD5462B561B25007969B3 /* ViewControllerHome.swift in Sources */ = {isa = PBXBuildFile; fileRef = 1FBCD5452B561B25007969B3 /* ViewControllerHome.swift */; };
		1FBCD5482B5656C5007969B3 /* Model.swift in Sources */ = {isa = PBXBuildFile; fileRef = 1FBCD5472B5656C5007969B3 /* Model.swift */; };
		1FF0C1302B47D12E00484086 /* AppDelegate.swift in Sources */ = {isa = PBXBuildFile; fileRef = 1FF0C12F2B47D12E00484086 /* AppDelegate.swift */; };
		1FF0C1322B47D12E00484086 /* SceneDelegate.swift in Sources */ = {isa = PBXBuildFile; fileRef = 1FF0C1312B47D12E00484086 /* SceneDelegate.swift */; };
		1FF0C1342B47D12E00484086 /* ViewControllerLogin.swift in Sources */ = {isa = PBXBuildFile; fileRef = 1FF0C1332B47D12E00484086 /* ViewControllerLogin.swift */; };
		1FF0C1372B47D12E00484086 /* Main.storyboard in Resources */ = {isa = PBXBuildFile; fileRef = 1FF0C1352B47D12E00484086 /* Main.storyboard */; };
		1FF0C1392B47D12F00484086 /* Assets.xcassets in Resources */ = {isa = PBXBuildFile; fileRef = 1FF0C1382B47D12F00484086 /* Assets.xcassets */; };
		1FF0C13C2B47D12F00484086 /* LaunchScreen.storyboard in Resources */ = {isa = PBXBuildFile; fileRef = 1FF0C13A2B47D12F00484086 /* LaunchScreen.storyboard */; };
/* End PBXBuildFile section */

/* Begin PBXFileReference section */
		1F0EA6A02B579E43006A5D52 /* MoviesController.swift */ = {isa = PBXFileReference; lastKnownFileType = sourcecode.swift; path = MoviesController.swift; sourceTree = "<group>"; };
		1F0EA6A22B57B670006A5D52 /* MovieCollectionViewCell.swift */ = {isa = PBXFileReference; lastKnownFileType = sourcecode.swift; path = MovieCollectionViewCell.swift; sourceTree = "<group>"; };
		1FBCD5452B561B25007969B3 /* ViewControllerHome.swift */ = {isa = PBXFileReference; lastKnownFileType = sourcecode.swift; path = ViewControllerHome.swift; sourceTree = "<group>"; };
		1FBCD5472B5656C5007969B3 /* Model.swift */ = {isa = PBXFileReference; lastKnownFileType = sourcecode.swift; path = Model.swift; sourceTree = "<group>"; };
		1FF0C12C2B47D12E00484086 /* TiviE.app */ = {isa = PBXFileReference; explicitFileType = wrapper.application; includeInIndex = 0; path = TiviE.app; sourceTree = BUILT_PRODUCTS_DIR; };
		1FF0C12F2B47D12E00484086 /* AppDelegate.swift */ = {isa = PBXFileReference; lastKnownFileType = sourcecode.swift; path = AppDelegate.swift; sourceTree = "<group>"; };
		1FF0C1312B47D12E00484086 /* SceneDelegate.swift */ = {isa = PBXFileReference; lastKnownFileType = sourcecode.swift; path = SceneDelegate.swift; sourceTree = "<group>"; };
		1FF0C1332B47D12E00484086 /* ViewControllerLogin.swift */ = {isa = PBXFileReference; lastKnownFileType = sourcecode.swift; path = ViewControllerLogin.swift; sourceTree = "<group>"; };
		1FF0C1362B47D12E00484086 /* Base */ = {isa = PBXFileReference; lastKnownFileType = file.storyboard; name = Base; path = Base.lproj/Main.storyboard; sourceTree = "<group>"; };
		1FF0C1382B47D12F00484086 /* Assets.xcassets */ = {isa = PBXFileReference; lastKnownFileType = folder.assetcatalog; path = Assets.xcassets; sourceTree = "<group>"; };
		1FF0C13B2B47D12F00484086 /* Base */ = {isa = PBXFileReference; lastKnownFileType = file.storyboard; name = Base; path = Base.lproj/LaunchScreen.storyboard; sourceTree = "<group>"; };
		1FF0C13D2B47D12F00484086 /* Info.plist */ = {isa = PBXFileReference; lastKnownFileType = text.plist.xml; path = Info.plist; sourceTree = "<group>"; };
/* End PBXFileReference section */

/* Begin PBXFrameworksBuildPhase section */
		1FF0C1292B47D12E00484086 /* Frameworks */ = {
			isa = PBXFrameworksBuildPhase;
			buildActionMask = 2147483647;
			files = (
			);
			runOnlyForDeploymentPostprocessing = 0;
		};
/* End PBXFrameworksBuildPhase section */

/* Begin PBXGroup section */
		1F0EA69E2B577D96006A5D52 /* Controller */ = {
			isa = PBXGroup;
			children = (
				1FF0C1332B47D12E00484086 /* ViewControllerLogin.swift */,
				1FBCD5452B561B25007969B3 /* ViewControllerHome.swift */,
			);
			path = Controller;
			sourceTree = "<group>";
		};
		1F0EA69F2B577DCD006A5D52 /* Storyboard */ = {
			isa = PBXGroup;
			children = (
				1FF0C1352B47D12E00484086 /* Main.storyboard */,
				1FF0C13A2B47D12F00484086 /* LaunchScreen.storyboard */,
			);
			path = Storyboard;
			sourceTree = "<group>";
		};
		1F0EA6A42B57B695006A5D52 /* Movie tab */ = {
			isa = PBXGroup;
			children = (
				1F0EA6A02B579E43006A5D52 /* MoviesController.swift */,
				1F0EA6A22B57B670006A5D52 /* MovieCollectionViewCell.swift */,
			);
			path = "Movie tab";
			sourceTree = "<group>";
		};
		1FF0C1232B47D12E00484086 = {
			isa = PBXGroup;
			children = (
				1FF0C12E2B47D12E00484086 /* TiviE */,
				1FF0C12D2B47D12E00484086 /* Products */,
			);
			sourceTree = "<group>";
		};
		1FF0C12D2B47D12E00484086 /* Products */ = {
			isa = PBXGroup;
			children = (
				1FF0C12C2B47D12E00484086 /* TiviE.app */,
			);
			name = Products;
			sourceTree = "<group>";
		};
		1FF0C12E2B47D12E00484086 /* TiviE */ = {
			isa = PBXGroup;
			children = (
				1FBCD5472B5656C5007969B3 /* Model.swift */,
				1FF0C12F2B47D12E00484086 /* AppDelegate.swift */,
				1FF0C1312B47D12E00484086 /* SceneDelegate.swift */,
				1F0EA69E2B577D96006A5D52 /* Controller */,
				1F0EA6A42B57B695006A5D52 /* Movie tab */,
				1FF0C1382B47D12F00484086 /* Assets.xcassets */,
				1F0EA69F2B577DCD006A5D52 /* Storyboard */,
				1FF0C13D2B47D12F00484086 /* Info.plist */,
			);
			path = TiviE;
			sourceTree = "<group>";
		};
/* End PBXGroup section */

/* Begin PBXNativeTarget section */
		1FF0C12B2B47D12E00484086 /* TiviE */ = {
			isa = PBXNativeTarget;
			buildConfigurationList = 1FF0C1402B47D12F00484086 /* Build configuration list for PBXNativeTarget "TiviE" */;
			buildPhases = (
				1FF0C1282B47D12E00484086 /* Sources */,
				1FF0C1292B47D12E00484086 /* Frameworks */,
				1FF0C12A2B47D12E00484086 /* Resources */,
			);
			buildRules = (
			);
			dependencies = (
			);
			name = TiviE;
			productName = TiviE;
			productReference = 1FF0C12C2B47D12E00484086 /* TiviE.app */;
			productType = "com.apple.product-type.application";
		};
/* End PBXNativeTarget section */

/* Begin PBXProject section */
		1FF0C1242B47D12E00484086 /* Project object */ = {
			isa = PBXProject;
			attributes = {
				BuildIndependentTargetsInParallel = 1;
				LastSwiftUpdateCheck = 1500;
				LastUpgradeCheck = 1500;
				TargetAttributes = {
					1FF0C12B2B47D12E00484086 = {
						CreatedOnToolsVersion = 15.0.1;
					};
				};
			};
			buildConfigurationList = 1FF0C1272B47D12E00484086 /* Build configuration list for PBXProject "TiviE" */;
			compatibilityVersion = "Xcode 14.0";
			developmentRegion = en;
			hasScannedForEncodings = 0;
			knownRegions = (
				en,
				Base,
			);
			mainGroup = 1FF0C1232B47D12E00484086;
			productRefGroup = 1FF0C12D2B47D12E00484086 /* Products */;
			projectDirPath = "";
			projectRoot = "";
			targets = (
				1FF0C12B2B47D12E00484086 /* TiviE */,
			);
		};
/* End PBXProject section */

/* Begin PBXResourcesBuildPhase section */
		1FF0C12A2B47D12E00484086 /* Resources */ = {
			isa = PBXResourcesBuildPhase;
			buildActionMask = 2147483647;
			files = (
				1FF0C13C2B47D12F00484086 /* LaunchScreen.storyboard in Resources */,
				1FF0C1392B47D12F00484086 /* Assets.xcassets in Resources */,
				1FF0C1372B47D12E00484086 /* Main.storyboard in Resources */,
			);
			runOnlyForDeploymentPostprocessing = 0;
		};
/* End PBXResourcesBuildPhase section */

/* Begin PBXSourcesBuildPhase section */
		1FF0C1282B47D12E00484086 /* Sources */ = {
			isa = PBXSourcesBuildPhase;
			buildActionMask = 2147483647;
			files = (
				1FBCD5482B5656C5007969B3 /* Model.swift in Sources */,
				1FF0C1342B47D12E00484086 /* ViewControllerLogin.swift in Sources */,
				1F0EA6A12B579E43006A5D52 /* MoviesController.swift in Sources */,
				1FF0C1302B47D12E00484086 /* AppDelegate.swift in Sources */,
				1F0EA6A32B57B670006A5D52 /* MovieCollectionViewCell.swift in Sources */,
				1FF0C1322B47D12E00484086 /* SceneDelegate.swift in Sources */,
				1FBCD5462B561B25007969B3 /* ViewControllerHome.swift in Sources */,
			);
			runOnlyForDeploymentPostprocessing = 0;
		};
/* End PBXSourcesBuildPhase section */

/* Begin PBXVariantGroup section */
		1FF0C1352B47D12E00484086 /* Main.storyboard */ = {
			isa = PBXVariantGroup;
			children = (
				1FF0C1362B47D12E00484086 /* Base */,
			);
			name = Main.storyboard;
			sourceTree = "<group>";
		};
		1FF0C13A2B47D12F00484086 /* LaunchScreen.storyboard */ = {
			isa = PBXVariantGroup;
			children = (
				1FF0C13B2B47D12F00484086 /* Base */,
			);
			name = LaunchScreen.storyboard;
			sourceTree = "<group>";
		};
/* End PBXVariantGroup section */

/* Begin XCBuildConfiguration section */
		1FF0C13E2B47D12F00484086 /* Debug */ = {
			isa = XCBuildConfiguration;
			buildSettings = {
				ALWAYS_SEARCH_USER_PATHS = NO;
				ASSETCATALOG_COMPILER_GENERATE_SWIFT_ASSET_SYMBOL_EXTENSIONS = YES;
				CLANG_ANALYZER_NONNULL = YES;
				CLANG_ANALYZER_NUMBER_OBJECT_CONVERSION = YES_AGGRESSIVE;
				CLANG_CXX_LANGUAGE_STANDARD = "gnu++20";
				CLANG_ENABLE_MODULES = YES;
				CLANG_ENABLE_OBJC_ARC = YES;
				CLANG_ENABLE_OBJC_WEAK = YES;
				CLANG_WARN_BLOCK_CAPTURE_AUTORELEASING = YES;
				CLANG_WARN_BOOL_CONVERSION = YES;
				CLANG_WARN_COMMA = YES;
				CLANG_WARN_CONSTANT_CONVERSION = YES;
				CLANG_WARN_DEPRECATED_OBJC_IMPLEMENTATIONS = YES;
				CLANG_WARN_DIRECT_OBJC_ISA_USAGE = YES_ERROR;
				CLANG_WARN_DOCUMENTATION_COMMENTS = YES;
				CLANG_WARN_EMPTY_BODY = YES;
				CLANG_WARN_ENUM_CONVERSION = YES;
				CLANG_WARN_INFINITE_RECURSION = YES;
				CLANG_WARN_INT_CONVERSION = YES;
				CLANG_WARN_NON_LITERAL_NULL_CONVERSION = YES;
				CLANG_WARN_OBJC_IMPLICIT_RETAIN_SELF = YES;
				CLANG_WARN_OBJC_LITERAL_CONVERSION = YES;
				CLANG_WARN_OBJC_ROOT_CLASS = YES_ERROR;
				CLANG_WARN_QUOTED_INCLUDE_IN_FRAMEWORK_HEADER = YES;
				CLANG_WARN_RANGE_LOOP_ANALYSIS = YES;
				CLANG_WARN_STRICT_PROTOTYPES = YES;
				CLANG_WARN_SUSPICIOUS_MOVE = YES;
				CLANG_WARN_UNGUARDED_AVAILABILITY = YES_AGGRESSIVE;
				CLANG_WARN_UNREACHABLE_CODE = YES;
				CLANG_WARN__DUPLICATE_METHOD_MATCH = YES;
				COPY_PHASE_STRIP = NO;
				DEBUG_INFORMATION_FORMAT = dwarf;
				ENABLE_STRICT_OBJC_MSGSEND = YES;
				ENABLE_TESTABILITY = YES;
				ENABLE_USER_SCRIPT_SANDBOXING = YES;
				GCC_C_LANGUAGE_STANDARD = gnu17;
				GCC_DYNAMIC_NO_PIC = NO;
				GCC_NO_COMMON_BLOCKS = YES;
				GCC_OPTIMIZATION_LEVEL = 0;
				GCC_PREPROCESSOR_DEFINITIONS = (
					"DEBUG=1",
					"$(inherited)",
				);
				GCC_WARN_64_TO_32_BIT_CONVERSION = YES;
				GCC_WARN_ABOUT_RETURN_TYPE = YES_ERROR;
				GCC_WARN_UNDECLARED_SELECTOR = YES;
				GCC_WARN_UNINITIALIZED_AUTOS = YES_AGGRESSIVE;
				GCC_WARN_UNUSED_FUNCTION = YES;
				GCC_WARN_UNUSED_VARIABLE = YES;
				IPHONEOS_DEPLOYMENT_TARGET = 17.0;
				LOCALIZATION_PREFERS_STRING_CATALOGS = YES;
				MTL_ENABLE_DEBUG_INFO = INCLUDE_SOURCE;
				MTL_FAST_MATH = YES;
				ONLY_ACTIVE_ARCH = YES;
				SDKROOT = iphoneos;
				SWIFT_ACTIVE_COMPILATION_CONDITIONS = "DEBUG $(inherited)";
				SWIFT_OPTIMIZATION_LEVEL = "-Onone";
			};
			name = Debug;
		};
		1FF0C13F2B47D12F00484086 /* Release */ = {
			isa = XCBuildConfiguration;
			buildSettings = {
				ALWAYS_SEARCH_USER_PATHS = NO;
				ASSETCATALOG_COMPILER_GENERATE_SWIFT_ASSET_SYMBOL_EXTENSIONS = YES;
				CLANG_ANALYZER_NONNULL = YES;
				CLANG_ANALYZER_NUMBER_OBJECT_CONVERSION = YES_AGGRESSIVE;
				CLANG_CXX_LANGUAGE_STANDARD = "gnu++20";
				CLANG_ENABLE_MODULES = YES;
				CLANG_ENABLE_OBJC_ARC = YES;
				CLANG_ENABLE_OBJC_WEAK = YES;
				CLANG_WARN_BLOCK_CAPTURE_AUTORELEASING = YES;
				CLANG_WARN_BOOL_CONVERSION = YES;
				CLANG_WARN_COMMA = YES;
				CLANG_WARN_CONSTANT_CONVERSION = YES;
				CLANG_WARN_DEPRECATED_OBJC_IMPLEMENTATIONS = YES;
				CLANG_WARN_DIRECT_OBJC_ISA_USAGE = YES_ERROR;
				CLANG_WARN_DOCUMENTATION_COMMENTS = YES;
				CLANG_WARN_EMPTY_BODY = YES;
				CLANG_WARN_ENUM_CONVERSION = YES;
				CLANG_WARN_INFINITE_RECURSION = YES;
				CLANG_WARN_INT_CONVERSION = YES;
				CLANG_WARN_NON_LITERAL_NULL_CONVERSION = YES;
				CLANG_WARN_OBJC_IMPLICIT_RETAIN_SELF = YES;
				CLANG_WARN_OBJC_LITERAL_CONVERSION = YES;
				CLANG_WARN_OBJC_ROOT_CLASS = YES_ERROR;
				CLANG_WARN_QUOTED_INCLUDE_IN_FRAMEWORK_HEADER = YES;
				CLANG_WARN_RANGE_LOOP_ANALYSIS = YES;
				CLANG_WARN_STRICT_PROTOTYPES = YES;
				CLANG_WARN_SUSPICIOUS_MOVE = YES;
				CLANG_WARN_UNGUARDED_AVAILABILITY = YES_AGGRESSIVE;
				CLANG_WARN_UNREACHABLE_CODE = YES;
				CLANG_WARN__DUPLICATE_METHOD_MATCH = YES;
				COPY_PHASE_STRIP = NO;
				DEBUG_INFORMATION_FORMAT = "dwarf-with-dsym";
				ENABLE_NS_ASSERTIONS = NO;
				ENABLE_STRICT_OBJC_MSGSEND = YES;
				ENABLE_USER_SCRIPT_SANDBOXING = YES;
				GCC_C_LANGUAGE_STANDARD = gnu17;
				GCC_NO_COMMON_BLOCKS = YES;
				GCC_WARN_64_TO_32_BIT_CONVERSION = YES;
				GCC_WARN_ABOUT_RETURN_TYPE = YES_ERROR;
				GCC_WARN_UNDECLARED_SELECTOR = YES;
				GCC_WARN_UNINITIALIZED_AUTOS = YES_AGGRESSIVE;
				GCC_WARN_UNUSED_FUNCTION = YES;
				GCC_WARN_UNUSED_VARIABLE = YES;
				IPHONEOS_DEPLOYMENT_TARGET = 17.0;
				LOCALIZATION_PREFERS_STRING_CATALOGS = YES;
				MTL_ENABLE_DEBUG_INFO = NO;
				MTL_FAST_MATH = YES;
				SDKROOT = iphoneos;
				SWIFT_COMPILATION_MODE = wholemodule;
				VALIDATE_PRODUCT = YES;
			};
			name = Release;
		};
		1FF0C1412B47D12F00484086 /* Debug */ = {
			isa = XCBuildConfiguration;
			buildSettings = {
				ASSETCATALOG_COMPILER_APPICON_NAME = AppIcon;
				ASSETCATALOG_COMPILER_GLOBAL_ACCENT_COLOR_NAME = AccentColor;
				CODE_SIGN_STYLE = Automatic;
				CURRENT_PROJECT_VERSION = 1;
				GENERATE_INFOPLIST_FILE = YES;
				INFOPLIST_FILE = TiviE/Info.plist;
				INFOPLIST_KEY_UIApplicationSupportsIndirectInputEvents = YES;
				INFOPLIST_KEY_UILaunchStoryboardName = LaunchScreen;
				INFOPLIST_KEY_UIMainStoryboardFile = Main;
				INFOPLIST_KEY_UISupportedInterfaceOrientations_iPad = "UIInterfaceOrientationPortrait UIInterfaceOrientationPortraitUpsideDown UIInterfaceOrientationLandscapeLeft UIInterfaceOrientationLandscapeRight";
				INFOPLIST_KEY_UISupportedInterfaceOrientations_iPhone = "UIInterfaceOrientationPortrait UIInterfaceOrientationLandscapeLeft UIInterfaceOrientationLandscapeRight";
				LD_RUNPATH_SEARCH_PATHS = (
					"$(inherited)",
					"@executable_path/Frameworks",
				);
				MARKETING_VERSION = 1.0.0;
				PRODUCT_BUNDLE_IDENTIFIER = com.ninhlk.TiviE;
				PRODUCT_NAME = "$(TARGET_NAME)";
				SUPPORTED_PLATFORMS = "iphoneos iphonesimulator";
				SUPPORTS_MACCATALYST = NO;
				SUPPORTS_MAC_DESIGNED_FOR_IPHONE_IPAD = NO;
				SWIFT_EMIT_LOC_STRINGS = YES;
				SWIFT_VERSION = 5.0;
				TARGETED_DEVICE_FAMILY = "1,2";
			};
			name = Debug;
		};
		1FF0C1422B47D12F00484086 /* Release */ = {
			isa = XCBuildConfiguration;
			buildSettings = {
				ASSETCATALOG_COMPILER_APPICON_NAME = AppIcon;
				ASSETCATALOG_COMPILER_GLOBAL_ACCENT_COLOR_NAME = AccentColor;
				CODE_SIGN_STYLE = Automatic;
				CURRENT_PROJECT_VERSION = 1;
				GENERATE_INFOPLIST_FILE = YES;
				INFOPLIST_FILE = TiviE/Info.plist;
				INFOPLIST_KEY_UIApplicationSupportsIndirectInputEvents = YES;
				INFOPLIST_KEY_UILaunchStoryboardName = LaunchScreen;
				INFOPLIST_KEY_UIMainStoryboardFile = Main;
				INFOPLIST_KEY_UISupportedInterfaceOrientations_iPad = "UIInterfaceOrientationPortrait UIInterfaceOrientationPortraitUpsideDown UIInterfaceOrientationLandscapeLeft UIInterfaceOrientationLandscapeRight";
				INFOPLIST_KEY_UISupportedInterfaceOrientations_iPhone = "UIInterfaceOrientationPortrait UIInterfaceOrientationLandscapeLeft UIInterfaceOrientationLandscapeRight";
				LD_RUNPATH_SEARCH_PATHS = (
					"$(inherited)",
					"@executable_path/Frameworks",
				);
				MARKETING_VERSION = 1.0.0;
				PRODUCT_BUNDLE_IDENTIFIER = com.ninhlk.TiviE;
				PRODUCT_NAME = "$(TARGET_NAME)";
				SUPPORTED_PLATFORMS = "iphoneos iphonesimulator";
				SUPPORTS_MACCATALYST = NO;
				SUPPORTS_MAC_DESIGNED_FOR_IPHONE_IPAD = NO;
				SWIFT_EMIT_LOC_STRINGS = YES;
				SWIFT_VERSION = 5.0;
				TARGETED_DEVICE_FAMILY = "1,2";
			};
			name = Release;
		};
/* End XCBuildConfiguration section */

/* Begin XCConfigurationList section */
		1FF0C1272B47D12E00484086 /* Build configuration list for PBXProject "TiviE" */ = {
			isa = XCConfigurationList;
			buildConfigurations = (
				1FF0C13E2B47D12F00484086 /* Debug */,
				1FF0C13F2B47D12F00484086 /* Release */,
			);
			defaultConfigurationIsVisible = 0;
			defaultConfigurationName = Release;
		};
		1FF0C1402B47D12F00484086 /* Build configuration list for PBXNativeTarget "TiviE" */ = {
			isa = XCConfigurationList;
			buildConfigurations = (
				1FF0C1412B47D12F00484086 /* Debug */,
				1FF0C1422B47D12F00484086 /* Release */,
			);
			defaultConfigurationIsVisible = 0;
			defaultConfigurationName = Release;
		};
/* End XCConfigurationList section */
	};
	rootObject = 1FF0C1242B47D12E00484086 /* Project object */;
}
